
Microsoft Visual Studio Solution File, Format Version 12.00
# Visual Studio 15
VisualStudioVersion = 15.0.28307.539
MinimumVisualStudioVersion = 10.0.40219.1
Project("{FAE04EC0-301F-11D3-BF4B-00C04F79EFBC}") = "COMP123-S2019-Assignment5-SophiaBhullar301048344", "COMP123-S2019-Assignment5-SophiaBhullar301048344\COMP123-S2019-Assignment5-SophiaBhullar301048344.csproj", "{0BC45124-9F61-4F41-94C8-0E7BDBA9345A}"
EndProject
Global
	GlobalSection(SolutionConfigurationPlatforms) = preSolution
		Debug|Any CPU = Debug|Any CPU
		Release|Any CPU = Release|Any CPU
	EndGlobalSection
	GlobalSection(ProjectConfigurationPlatforms) = postSolution
		{0BC45124-9F61-4F41-94C8-0E7BDBA9345A}.Debug|Any CPU.ActiveCfg = Debug|Any CPU
		{0BC45124-9F61-4F41-94C8-0E7BDBA9345A}.Debug|Any CPU.Build.0 = Debug|Any CPU
		{0BC45124-9F61-4F41-94C8-0E7BDBA9345A}.Release|Any CPU.ActiveCfg = Release|Any CPU
		{0BC45124-9F61-4F41-94C8-0E7BDBA9345A}.Release|Any CPU.Build.0 = Release|Any CPU
	EndGlobalSection
	GlobalSection(SolutionProperties) = preSolution
		HideSolutionNode = FALSE
	EndGlobalSection
	GlobalSection(ExtensibilityGlobals) = postSolution
		SolutionGuid = {C9ACC3C4-7426-4117-89CE-695ECAFF9220}
	EndGlobalSection
EndGlobal
